// !$*UTF8*$!
{
	archiveVersion = 1;
	classes = {
	};
	objectVersion = 56;
	objects = {

/* Begin PBXBuildFile section */
		010D53F72B972933005E08D0 /* SwiftfulCryptoApp.swift in Sources */ = {isa = PBXBuildFile; fileRef = 010D53F62B972933005E08D0 /* SwiftfulCryptoApp.swift */; };
		010D53F92B972933005E08D0 /* ContentView.swift in Sources */ = {isa = PBXBuildFile; fileRef = 010D53F82B972933005E08D0 /* ContentView.swift */; };
		010D53FE2B972936005E08D0 /* Preview Assets.xcassets in Resources */ = {isa = PBXBuildFile; fileRef = 010D53FD2B972936005E08D0 /* Preview Assets.xcassets */; };
		010D54122B972CC6005E08D0 /* Assets.xcassets in Resources */ = {isa = PBXBuildFile; fileRef = 010D54112B972CC6005E08D0 /* Assets.xcassets */; };
		010D541F2B972F4B005E08D0 /* Color.swift in Sources */ = {isa = PBXBuildFile; fileRef = 010D541E2B972F4B005E08D0 /* Color.swift */; };
		010D54252B979697005E08D0 /* HomeView.swift in Sources */ = {isa = PBXBuildFile; fileRef = 010D54242B979697005E08D0 /* HomeView.swift */; };
		010D54292B9798A7005E08D0 /* CircleButtonView.swift in Sources */ = {isa = PBXBuildFile; fileRef = 010D54282B9798A7005E08D0 /* CircleButtonView.swift */; };
		010E72F12B98AC63005F4FF6 /* CircleButtonAnimationView.swift in Sources */ = {isa = PBXBuildFile; fileRef = 010E72F02B98AC63005F4FF6 /* CircleButtonAnimationView.swift */; };
		010E72F42B98B0AB005F4FF6 /* CoinModel.swift in Sources */ = {isa = PBXBuildFile; fileRef = 010E72F32B98B0AB005F4FF6 /* CoinModel.swift */; };
		010E72F62B98FD55005F4FF6 /* CoinRowView.swift in Sources */ = {isa = PBXBuildFile; fileRef = 010E72F52B98FD55005F4FF6 /* CoinRowView.swift */; };
		010E72F82B98FE3B005F4FF6 /* PreviewProvider.swift in Sources */ = {isa = PBXBuildFile; fileRef = 010E72F72B98FE3B005F4FF6 /* PreviewProvider.swift */; };
		010E72FA2B99CA17005F4FF6 /* Double.swift in Sources */ = {isa = PBXBuildFile; fileRef = 010E72F92B99CA17005F4FF6 /* Double.swift */; };
		010E72FE2B9A0EEC005F4FF6 /* HomeViewModel.swift in Sources */ = {isa = PBXBuildFile; fileRef = 010E72FD2B9A0EEC005F4FF6 /* HomeViewModel.swift */; };
		010E73012B9B587D005F4FF6 /* CoinDataService.swift in Sources */ = {isa = PBXBuildFile; fileRef = 010E73002B9B587D005F4FF6 /* CoinDataService.swift */; };
		010E73042B9BCE87005F4FF6 /* NetworkManager.swift in Sources */ = {isa = PBXBuildFile; fileRef = 010E73032B9BCE87005F4FF6 /* NetworkManager.swift */; };
		010E73072B9C62E0005F4FF6 /* CoinImageView.swift in Sources */ = {isa = PBXBuildFile; fileRef = 010E73062B9C62E0005F4FF6 /* CoinImageView.swift */; };
		010E73092B9C6326005F4FF6 /* CoinImageViewModel.swift in Sources */ = {isa = PBXBuildFile; fileRef = 010E73082B9C6326005F4FF6 /* CoinImageViewModel.swift */; };
		010E730B2B9C64A1005F4FF6 /* CoinImageService.swift in Sources */ = {isa = PBXBuildFile; fileRef = 010E730A2B9C64A1005F4FF6 /* CoinImageService.swift */; };
		010E730D2B9CEA69005F4FF6 /* LocalFileManager.swift in Sources */ = {isa = PBXBuildFile; fileRef = 010E730C2B9CEA69005F4FF6 /* LocalFileManager.swift */; };
/* End PBXBuildFile section */

/* Begin PBXFileReference section */
		010D53F32B972933005E08D0 /* SwiftfulCrypto.app */ = {isa = PBXFileReference; explicitFileType = wrapper.application; includeInIndex = 0; path = SwiftfulCrypto.app; sourceTree = BUILT_PRODUCTS_DIR; };
		010D53F62B972933005E08D0 /* SwiftfulCryptoApp.swift */ = {isa = PBXFileReference; lastKnownFileType = sourcecode.swift; path = SwiftfulCryptoApp.swift; sourceTree = "<group>"; };
		010D53F82B972933005E08D0 /* ContentView.swift */ = {isa = PBXFileReference; lastKnownFileType = sourcecode.swift; path = ContentView.swift; sourceTree = "<group>"; };
		010D53FD2B972936005E08D0 /* Preview Assets.xcassets */ = {isa = PBXFileReference; lastKnownFileType = folder.assetcatalog; path = "Preview Assets.xcassets"; sourceTree = "<group>"; };
		010D54112B972CC6005E08D0 /* Assets.xcassets */ = {isa = PBXFileReference; lastKnownFileType = folder.assetcatalog; path = Assets.xcassets; sourceTree = "<group>"; };
		010D541E2B972F4B005E08D0 /* Color.swift */ = {isa = PBXFileReference; lastKnownFileType = sourcecode.swift; path = Color.swift; sourceTree = "<group>"; };
		010D54242B979697005E08D0 /* HomeView.swift */ = {isa = PBXFileReference; lastKnownFileType = sourcecode.swift; path = HomeView.swift; sourceTree = "<group>"; };
		010D54282B9798A7005E08D0 /* CircleButtonView.swift */ = {isa = PBXFileReference; lastKnownFileType = sourcecode.swift; path = CircleButtonView.swift; sourceTree = "<group>"; };
		010E72F02B98AC63005F4FF6 /* CircleButtonAnimationView.swift */ = {isa = PBXFileReference; lastKnownFileType = sourcecode.swift; path = CircleButtonAnimationView.swift; sourceTree = "<group>"; };
		010E72F32B98B0AB005F4FF6 /* CoinModel.swift */ = {isa = PBXFileReference; lastKnownFileType = sourcecode.swift; path = CoinModel.swift; sourceTree = "<group>"; };
		010E72F52B98FD55005F4FF6 /* CoinRowView.swift */ = {isa = PBXFileReference; lastKnownFileType = sourcecode.swift; path = CoinRowView.swift; sourceTree = "<group>"; };
		010E72F72B98FE3B005F4FF6 /* PreviewProvider.swift */ = {isa = PBXFileReference; lastKnownFileType = sourcecode.swift; path = PreviewProvider.swift; sourceTree = "<group>"; };
		010E72F92B99CA17005F4FF6 /* Double.swift */ = {isa = PBXFileReference; lastKnownFileType = sourcecode.swift; path = Double.swift; sourceTree = "<group>"; };
		010E72FD2B9A0EEC005F4FF6 /* HomeViewModel.swift */ = {isa = PBXFileReference; lastKnownFileType = sourcecode.swift; path = HomeViewModel.swift; sourceTree = "<group>"; };
		010E73002B9B587D005F4FF6 /* CoinDataService.swift */ = {isa = PBXFileReference; lastKnownFileType = sourcecode.swift; path = CoinDataService.swift; sourceTree = "<group>"; };
		010E73032B9BCE87005F4FF6 /* NetworkManager.swift */ = {isa = PBXFileReference; lastKnownFileType = sourcecode.swift; path = NetworkManager.swift; sourceTree = "<group>"; };
		010E73062B9C62E0005F4FF6 /* CoinImageView.swift */ = {isa = PBXFileReference; lastKnownFileType = sourcecode.swift; path = CoinImageView.swift; sourceTree = "<group>"; };
		010E73082B9C6326005F4FF6 /* CoinImageViewModel.swift */ = {isa = PBXFileReference; lastKnownFileType = sourcecode.swift; path = CoinImageViewModel.swift; sourceTree = "<group>"; };
		010E730A2B9C64A1005F4FF6 /* CoinImageService.swift */ = {isa = PBXFileReference; lastKnownFileType = sourcecode.swift; path = CoinImageService.swift; sourceTree = "<group>"; };
		010E730C2B9CEA69005F4FF6 /* LocalFileManager.swift */ = {isa = PBXFileReference; lastKnownFileType = sourcecode.swift; path = LocalFileManager.swift; sourceTree = "<group>"; };
/* End PBXFileReference section */

/* Begin PBXFrameworksBuildPhase section */
		010D53F02B972933005E08D0 /* Frameworks */ = {
			isa = PBXFrameworksBuildPhase;
			buildActionMask = 2147483647;
			files = (
			);
			runOnlyForDeploymentPostprocessing = 0;
		};
/* End PBXFrameworksBuildPhase section */

/* Begin PBXGroup section */
		010D53EA2B972933005E08D0 = {
			isa = PBXGroup;
			children = (
				010D53F52B972933005E08D0 /* SwiftfulCrypto */,
				010D53F42B972933005E08D0 /* Products */,
			);
			sourceTree = "<group>";
		};
		010D53F42B972933005E08D0 /* Products */ = {
			isa = PBXGroup;
			children = (
				010D53F32B972933005E08D0 /* SwiftfulCrypto.app */,
			);
			name = Products;
			sourceTree = "<group>";
		};
		010D53F52B972933005E08D0 /* SwiftfulCrypto */ = {
			isa = PBXGroup;
			children = (
				010D54202B97965A005E08D0 /* Core */,
				010E73022B9BCE63005F4FF6 /* Utilities */,
				010E72FF2B9B581A005F4FF6 /* Services */,
				010D541D2B972F34005E08D0 /* Extensions */,
				010E72F22B98B034005F4FF6 /* Models */,
				010D53FC2B972936005E08D0 /* Preview Content */,
				010D54112B972CC6005E08D0 /* Assets.xcassets */,
				010D53F62B972933005E08D0 /* SwiftfulCryptoApp.swift */,
				010D53F82B972933005E08D0 /* ContentView.swift */,
			);
			path = SwiftfulCrypto;
			sourceTree = "<group>";
		};
		010D53FC2B972936005E08D0 /* Preview Content */ = {
			isa = PBXGroup;
			children = (
				010D53FD2B972936005E08D0 /* Preview Assets.xcassets */,
			);
			path = "Preview Content";
			sourceTree = "<group>";
		};
		010D541D2B972F34005E08D0 /* Extensions */ = {
			isa = PBXGroup;
			children = (
				010D541E2B972F4B005E08D0 /* Color.swift */,
				010E72F72B98FE3B005F4FF6 /* PreviewProvider.swift */,
				010E72F92B99CA17005F4FF6 /* Double.swift */,
			);
			path = Extensions;
			sourceTree = "<group>";
		};
		010D54202B97965A005E08D0 /* Core */ = {
			isa = PBXGroup;
			children = (
				010D54212B979663005E08D0 /* Home */,
				010D54262B979887005E08D0 /* Components */,
			);
			path = Core;
			sourceTree = "<group>";
		};
		010D54212B979663005E08D0 /* Home */ = {
			isa = PBXGroup;
			children = (
				010D54232B979677005E08D0 /* ViewModels */,
				010D54222B979669005E08D0 /* Views */,
			);
			path = Home;
			sourceTree = "<group>";
		};
		010D54222B979669005E08D0 /* Views */ = {
			isa = PBXGroup;
			children = (
				010D54242B979697005E08D0 /* HomeView.swift */,
				010E72F52B98FD55005F4FF6 /* CoinRowView.swift */,
			);
			path = Views;
			sourceTree = "<group>";
		};
		010D54232B979677005E08D0 /* ViewModels */ = {
			isa = PBXGroup;
			children = (
				010E72FD2B9A0EEC005F4FF6 /* HomeViewModel.swift */,
			);
			path = ViewModels;
			sourceTree = "<group>";
		};
		010D54262B979887005E08D0 /* Components */ = {
			isa = PBXGroup;
			children = (
				010E73052B9C62CA005F4FF6 /* CoinImage */,
				010D54272B979895005E08D0 /* CircleButton */,
			);
			path = Components;
			sourceTree = "<group>";
		};
		010D54272B979895005E08D0 /* CircleButton */ = {
			isa = PBXGroup;
			children = (
				010D54282B9798A7005E08D0 /* CircleButtonView.swift */,
				010E72F02B98AC63005F4FF6 /* CircleButtonAnimationView.swift */,
			);
			path = CircleButton;
			sourceTree = "<group>";
		};
		010E72F22B98B034005F4FF6 /* Models */ = {
			isa = PBXGroup;
			children = (
				010E72F32B98B0AB005F4FF6 /* CoinModel.swift */,
			);
			path = Models;
			sourceTree = "<group>";
		};
		010E72FF2B9B581A005F4FF6 /* Services */ = {
			isa = PBXGroup;
			children = (
				010E73002B9B587D005F4FF6 /* CoinDataService.swift */,
				010E730A2B9C64A1005F4FF6 /* CoinImageService.swift */,
			);
			path = Services;
			sourceTree = "<group>";
		};
		010E73022B9BCE63005F4FF6 /* Utilities */ = {
			isa = PBXGroup;
			children = (
				010E73032B9BCE87005F4FF6 /* NetworkManager.swift */,
				010E730C2B9CEA69005F4FF6 /* LocalFileManager.swift */,
			);
			path = Utilities;
			sourceTree = "<group>";
		};
		010E73052B9C62CA005F4FF6 /* CoinImage */ = {
			isa = PBXGroup;
			children = (
				010E73062B9C62E0005F4FF6 /* CoinImageView.swift */,
				010E73082B9C6326005F4FF6 /* CoinImageViewModel.swift */,
			);
			path = CoinImage;
			sourceTree = "<group>";
		};
/* End PBXGroup section */

/* Begin PBXNativeTarget section */
		010D53F22B972933005E08D0 /* SwiftfulCrypto */ = {
			isa = PBXNativeTarget;
			buildConfigurationList = 010D54012B972936005E08D0 /* Build configuration list for PBXNativeTarget "SwiftfulCrypto" */;
			buildPhases = (
				010D53EF2B972933005E08D0 /* Sources */,
				010D53F02B972933005E08D0 /* Frameworks */,
				010D53F12B972933005E08D0 /* Resources */,
			);
			buildRules = (
			);
			dependencies = (
			);
			name = SwiftfulCrypto;
			productName = SwiftfulCrypto;
			productReference = 010D53F32B972933005E08D0 /* SwiftfulCrypto.app */;
			productType = "com.apple.product-type.application";
		};
/* End PBXNativeTarget section */

/* Begin PBXProject section */
		010D53EB2B972933005E08D0 /* Project object */ = {
			isa = PBXProject;
			attributes = {
				BuildIndependentTargetsInParallel = 1;
				LastSwiftUpdateCheck = 1520;
				LastUpgradeCheck = 1520;
				TargetAttributes = {
					010D53F22B972933005E08D0 = {
						CreatedOnToolsVersion = 15.2;
					};
				};
			};
			buildConfigurationList = 010D53EE2B972933005E08D0 /* Build configuration list for PBXProject "SwiftfulCrypto" */;
			compatibilityVersion = "Xcode 14.0";
			developmentRegion = en;
			hasScannedForEncodings = 0;
			knownRegions = (
				en,
				Base,
			);
			mainGroup = 010D53EA2B972933005E08D0;
			productRefGroup = 010D53F42B972933005E08D0 /* Products */;
			projectDirPath = "";
			projectRoot = "";
			targets = (
				010D53F22B972933005E08D0 /* SwiftfulCrypto */,
			);
		};
/* End PBXProject section */

/* Begin PBXResourcesBuildPhase section */
		010D53F12B972933005E08D0 /* Resources */ = {
			isa = PBXResourcesBuildPhase;
			buildActionMask = 2147483647;
			files = (
				010D54122B972CC6005E08D0 /* Assets.xcassets in Resources */,
				010D53FE2B972936005E08D0 /* Preview Assets.xcassets in Resources */,
			);
			runOnlyForDeploymentPostprocessing = 0;
		};
/* End PBXResourcesBuildPhase section */

/* Begin PBXSourcesBuildPhase section */
		010D53EF2B972933005E08D0 /* Sources */ = {
			isa = PBXSourcesBuildPhase;
			buildActionMask = 2147483647;
			files = (
				010E73092B9C6326005F4FF6 /* CoinImageViewModel.swift in Sources */,
				010E73012B9B587D005F4FF6 /* CoinDataService.swift in Sources */,
				010E72F62B98FD55005F4FF6 /* CoinRowView.swift in Sources */,
				010E72FE2B9A0EEC005F4FF6 /* HomeViewModel.swift in Sources */,
				010E730D2B9CEA69005F4FF6 /* LocalFileManager.swift in Sources */,
				010E73042B9BCE87005F4FF6 /* NetworkManager.swift in Sources */,
				010D53F92B972933005E08D0 /* ContentView.swift in Sources */,
				010E73072B9C62E0005F4FF6 /* CoinImageView.swift in Sources */,
				010D54252B979697005E08D0 /* HomeView.swift in Sources */,
				010D53F72B972933005E08D0 /* SwiftfulCryptoApp.swift in Sources */,
				010D54292B9798A7005E08D0 /* CircleButtonView.swift in Sources */,
				010D541F2B972F4B005E08D0 /* Color.swift in Sources */,
				010E72F12B98AC63005F4FF6 /* CircleButtonAnimationView.swift in Sources */,
				010E72F82B98FE3B005F4FF6 /* PreviewProvider.swift in Sources */,
				010E72FA2B99CA17005F4FF6 /* Double.swift in Sources */,
				010E730B2B9C64A1005F4FF6 /* CoinImageService.swift in Sources */,
				010E72F42B98B0AB005F4FF6 /* CoinModel.swift in Sources */,
			);
			runOnlyForDeploymentPostprocessing = 0;
		};
/* End PBXSourcesBuildPhase section */

/* Begin XCBuildConfiguration section */
		010D53FF2B972936005E08D0 /* Debug */ = {
			isa = XCBuildConfiguration;
			buildSettings = {
				ALWAYS_SEARCH_USER_PATHS = NO;
				ASSETCATALOG_COMPILER_GENERATE_SWIFT_ASSET_SYMBOL_EXTENSIONS = YES;
				CLANG_ANALYZER_NONNULL = YES;
				CLANG_ANALYZER_NUMBER_OBJECT_CONVERSION = YES_AGGRESSIVE;
				CLANG_CXX_LANGUAGE_STANDARD = "gnu++20";
				CLANG_ENABLE_MODULES = YES;
				CLANG_ENABLE_OBJC_ARC = YES;
				CLANG_ENABLE_OBJC_WEAK = YES;
				CLANG_WARN_BLOCK_CAPTURE_AUTORELEASING = YES;
				CLANG_WARN_BOOL_CONVERSION = YES;
				CLANG_WARN_COMMA = YES;
				CLANG_WARN_CONSTANT_CONVERSION = YES;
				CLANG_WARN_DEPRECATED_OBJC_IMPLEMENTATIONS = YES;
				CLANG_WARN_DIRECT_OBJC_ISA_USAGE = YES_ERROR;
				CLANG_WARN_DOCUMENTATION_COMMENTS = YES;
				CLANG_WARN_EMPTY_BODY = YES;
				CLANG_WARN_ENUM_CONVERSION = YES;
				CLANG_WARN_INFINITE_RECURSION = YES;
				CLANG_WARN_INT_CONVERSION = YES;
				CLANG_WARN_NON_LITERAL_NULL_CONVERSION = YES;
				CLANG_WARN_OBJC_IMPLICIT_RETAIN_SELF = YES;
				CLANG_WARN_OBJC_LITERAL_CONVERSION = YES;
				CLANG_WARN_OBJC_ROOT_CLASS = YES_ERROR;
				CLANG_WARN_QUOTED_INCLUDE_IN_FRAMEWORK_HEADER = YES;
				CLANG_WARN_RANGE_LOOP_ANALYSIS = YES;
				CLANG_WARN_STRICT_PROTOTYPES = YES;
				CLANG_WARN_SUSPICIOUS_MOVE = YES;
				CLANG_WARN_UNGUARDED_AVAILABILITY = YES_AGGRESSIVE;
				CLANG_WARN_UNREACHABLE_CODE = YES;
				CLANG_WARN__DUPLICATE_METHOD_MATCH = YES;
				COPY_PHASE_STRIP = NO;
				DEBUG_INFORMATION_FORMAT = dwarf;
				ENABLE_STRICT_OBJC_MSGSEND = YES;
				ENABLE_TESTABILITY = YES;
				ENABLE_USER_SCRIPT_SANDBOXING = YES;
				GCC_C_LANGUAGE_STANDARD = gnu17;
				GCC_DYNAMIC_NO_PIC = NO;
				GCC_NO_COMMON_BLOCKS = YES;
				GCC_OPTIMIZATION_LEVEL = 0;
				GCC_PREPROCESSOR_DEFINITIONS = (
					"DEBUG=1",
					"$(inherited)",
				);
				GCC_WARN_64_TO_32_BIT_CONVERSION = YES;
				GCC_WARN_ABOUT_RETURN_TYPE = YES_ERROR;
				GCC_WARN_UNDECLARED_SELECTOR = YES;
				GCC_WARN_UNINITIALIZED_AUTOS = YES_AGGRESSIVE;
				GCC_WARN_UNUSED_FUNCTION = YES;
				GCC_WARN_UNUSED_VARIABLE = YES;
				IPHONEOS_DEPLOYMENT_TARGET = 17.2;
				LOCALIZATION_PREFERS_STRING_CATALOGS = YES;
				MTL_ENABLE_DEBUG_INFO = INCLUDE_SOURCE;
				MTL_FAST_MATH = YES;
				ONLY_ACTIVE_ARCH = YES;
				SDKROOT = iphoneos;
				SWIFT_ACTIVE_COMPILATION_CONDITIONS = "DEBUG $(inherited)";
				SWIFT_OPTIMIZATION_LEVEL = "-Onone";
			};
			name = Debug;
		};
		010D54002B972936005E08D0 /* Release */ = {
			isa = XCBuildConfiguration;
			buildSettings = {
				ALWAYS_SEARCH_USER_PATHS = NO;
				ASSETCATALOG_COMPILER_GENERATE_SWIFT_ASSET_SYMBOL_EXTENSIONS = YES;
				CLANG_ANALYZER_NONNULL = YES;
				CLANG_ANALYZER_NUMBER_OBJECT_CONVERSION = YES_AGGRESSIVE;
				CLANG_CXX_LANGUAGE_STANDARD = "gnu++20";
				CLANG_ENABLE_MODULES = YES;
				CLANG_ENABLE_OBJC_ARC = YES;
				CLANG_ENABLE_OBJC_WEAK = YES;
				CLANG_WARN_BLOCK_CAPTURE_AUTORELEASING = YES;
				CLANG_WARN_BOOL_CONVERSION = YES;
				CLANG_WARN_COMMA = YES;
				CLANG_WARN_CONSTANT_CONVERSION = YES;
				CLANG_WARN_DEPRECATED_OBJC_IMPLEMENTATIONS = YES;
				CLANG_WARN_DIRECT_OBJC_ISA_USAGE = YES_ERROR;
				CLANG_WARN_DOCUMENTATION_COMMENTS = YES;
				CLANG_WARN_EMPTY_BODY = YES;
				CLANG_WARN_ENUM_CONVERSION = YES;
				CLANG_WARN_INFINITE_RECURSION = YES;
				CLANG_WARN_INT_CONVERSION = YES;
				CLANG_WARN_NON_LITERAL_NULL_CONVERSION = YES;
				CLANG_WARN_OBJC_IMPLICIT_RETAIN_SELF = YES;
				CLANG_WARN_OBJC_LITERAL_CONVERSION = YES;
				CLANG_WARN_OBJC_ROOT_CLASS = YES_ERROR;
				CLANG_WARN_QUOTED_INCLUDE_IN_FRAMEWORK_HEADER = YES;
				CLANG_WARN_RANGE_LOOP_ANALYSIS = YES;
				CLANG_WARN_STRICT_PROTOTYPES = YES;
				CLANG_WARN_SUSPICIOUS_MOVE = YES;
				CLANG_WARN_UNGUARDED_AVAILABILITY = YES_AGGRESSIVE;
				CLANG_WARN_UNREACHABLE_CODE = YES;
				CLANG_WARN__DUPLICATE_METHOD_MATCH = YES;
				COPY_PHASE_STRIP = NO;
				DEBUG_INFORMATION_FORMAT = "dwarf-with-dsym";
				ENABLE_NS_ASSERTIONS = NO;
				ENABLE_STRICT_OBJC_MSGSEND = YES;
				ENABLE_USER_SCRIPT_SANDBOXING = YES;
				GCC_C_LANGUAGE_STANDARD = gnu17;
				GCC_NO_COMMON_BLOCKS = YES;
				GCC_WARN_64_TO_32_BIT_CONVERSION = YES;
				GCC_WARN_ABOUT_RETURN_TYPE = YES_ERROR;
				GCC_WARN_UNDECLARED_SELECTOR = YES;
				GCC_WARN_UNINITIALIZED_AUTOS = YES_AGGRESSIVE;
				GCC_WARN_UNUSED_FUNCTION = YES;
				GCC_WARN_UNUSED_VARIABLE = YES;
				IPHONEOS_DEPLOYMENT_TARGET = 17.2;
				LOCALIZATION_PREFERS_STRING_CATALOGS = YES;
				MTL_ENABLE_DEBUG_INFO = NO;
				MTL_FAST_MATH = YES;
				SDKROOT = iphoneos;
				SWIFT_COMPILATION_MODE = wholemodule;
				VALIDATE_PRODUCT = YES;
			};
			name = Release;
		};
		010D54022B972936005E08D0 /* Debug */ = {
			isa = XCBuildConfiguration;
			buildSettings = {
				ASSETCATALOG_COMPILER_APPICON_NAME = AppIcon;
				ASSETCATALOG_COMPILER_GLOBAL_ACCENT_COLOR_NAME = AccentColor;
				CODE_SIGN_STYLE = Automatic;
				CURRENT_PROJECT_VERSION = 1;
				DEVELOPMENT_ASSET_PATHS = "\"SwiftfulCrypto/Preview Content\"";
				DEVELOPMENT_TEAM = JBD99C5SKP;
				ENABLE_PREVIEWS = YES;
				GENERATE_INFOPLIST_FILE = YES;
				INFOPLIST_KEY_CFBundleDisplayName = "Crypto X";
				INFOPLIST_KEY_UIApplicationSceneManifest_Generation = YES;
				INFOPLIST_KEY_UIApplicationSupportsIndirectInputEvents = YES;
				INFOPLIST_KEY_UILaunchScreen_Generation = YES;
				INFOPLIST_KEY_UISupportedInterfaceOrientations = UIInterfaceOrientationPortrait;
				INFOPLIST_KEY_UISupportedInterfaceOrientations_iPad = "UIInterfaceOrientationPortrait UIInterfaceOrientationPortraitUpsideDown";
				LD_RUNPATH_SEARCH_PATHS = (
					"$(inherited)",
					"@executable_path/Frameworks",
				);
				MARKETING_VERSION = 1.0;
				PRODUCT_BUNDLE_IDENTIFIER = com.nithya.SwiftfulCrypto;
				PRODUCT_NAME = "$(TARGET_NAME)";
				SWIFT_EMIT_LOC_STRINGS = YES;
				SWIFT_VERSION = 5.0;
				TARGETED_DEVICE_FAMILY = "1,2";
			};
			name = Debug;
		};
		010D54032B972936005E08D0 /* Release */ = {
			isa = XCBuildConfiguration;
			buildSettings = {
				ASSETCATALOG_COMPILER_APPICON_NAME = AppIcon;
				ASSETCATALOG_COMPILER_GLOBAL_ACCENT_COLOR_NAME = AccentColor;
				CODE_SIGN_STYLE = Automatic;
				CURRENT_PROJECT_VERSION = 1;
				DEVELOPMENT_ASSET_PATHS = "\"SwiftfulCrypto/Preview Content\"";
				DEVELOPMENT_TEAM = JBD99C5SKP;
				ENABLE_PREVIEWS = YES;
				GENERATE_INFOPLIST_FILE = YES;
				INFOPLIST_KEY_CFBundleDisplayName = "Crypto X";
				INFOPLIST_KEY_UIApplicationSceneManifest_Generation = YES;
				INFOPLIST_KEY_UIApplicationSupportsIndirectInputEvents = YES;
				INFOPLIST_KEY_UILaunchScreen_Generation = YES;
				INFOPLIST_KEY_UISupportedInterfaceOrientations = UIInterfaceOrientationPortrait;
				INFOPLIST_KEY_UISupportedInterfaceOrientations_iPad = "UIInterfaceOrientationPortrait UIInterfaceOrientationPortraitUpsideDown";
				LD_RUNPATH_SEARCH_PATHS = (
					"$(inherited)",
					"@executable_path/Frameworks",
				);
				MARKETING_VERSION = 1.0;
				PRODUCT_BUNDLE_IDENTIFIER = com.nithya.SwiftfulCrypto;
				PRODUCT_NAME = "$(TARGET_NAME)";
				SWIFT_EMIT_LOC_STRINGS = YES;
				SWIFT_VERSION = 5.0;
				TARGETED_DEVICE_FAMILY = "1,2";
			};
			name = Release;
		};
/* End XCBuildConfiguration section */

/* Begin XCConfigurationList section */
		010D53EE2B972933005E08D0 /* Build configuration list for PBXProject "SwiftfulCrypto" */ = {
			isa = XCConfigurationList;
			buildConfigurations = (
				010D53FF2B972936005E08D0 /* Debug */,
				010D54002B972936005E08D0 /* Release */,
			);
			defaultConfigurationIsVisible = 0;
			defaultConfigurationName = Release;
		};
		010D54012B972936005E08D0 /* Build configuration list for PBXNativeTarget "SwiftfulCrypto" */ = {
			isa = XCConfigurationList;
			buildConfigurations = (
				010D54022B972936005E08D0 /* Debug */,
				010D54032B972936005E08D0 /* Release */,
			);
			defaultConfigurationIsVisible = 0;
			defaultConfigurationName = Release;
		};
/* End XCConfigurationList section */
	};
	rootObject = 010D53EB2B972933005E08D0 /* Project object */;
}
